
Microsoft Visual Studio Solution File, Format Version 12.00
# Visual Studio Version 17
VisualStudioVersion = 17.4.33213.308
MinimumVisualStudioVersion = 10.0.40219.1
Project("{FAE04EC0-301F-11D3-BF4B-00C04F79EFBC}") = "cw8", "cw8\cw8.csproj", "{CA3382A7-BCC8-4013-808B-566AFEEFD594}"
EndProject
Global
	GlobalSection(SolutionConfigurationPlatforms) = preSolution
		Debug|Any CPU = Debug|Any CPU
		Release|Any CPU = Release|Any CPU
	EndGlobalSection
	GlobalSection(ProjectConfigurationPlatforms) = postSolution
		{CA3382A7-BCC8-4013-808B-566AFEEFD594}.Debug|Any CPU.ActiveCfg = Debug|Any CPU
		{CA3382A7-BCC8-4013-808B-566AFEEFD594}.Debug|Any CPU.Build.0 = Debug|Any CPU
		{CA3382A7-BCC8-4013-808B-566AFEEFD594}.Release|Any CPU.ActiveCfg = Release|Any CPU
		{CA3382A7-BCC8-4013-808B-566AFEEFD594}.Release|Any CPU.Build.0 = Release|Any CPU
	EndGlobalSection
	GlobalSection(SolutionProperties) = preSolution
		HideSolutionNode = FALSE
	EndGlobalSection
	GlobalSection(ExtensibilityGlobals) = postSolution
		SolutionGuid = {1A5ADCBD-D3FD-45EA-AE2B-0801957CD8EC}
	EndGlobalSection
EndGlobal
